
Microsoft Visual Studio Solution File, Format Version 12.00
# Visual Studio 14
VisualStudioVersion = 14.0.25420.1
MinimumVisualStudioVersion = 10.0.40219.1
Project("{FAE04EC0-301F-11D3-BF4B-00C04F79EFBC}") = "SendMail.Web", "SendMail.Web\SendMail.Web.csproj", "{7D64E24E-28EE-4CF5-BDA8-2061245F708F}"
EndProject
Project("{FAE04EC0-301F-11D3-BF4B-00C04F79EFBC}") = "SendMail.Core", "SendMail.Core\SendMail.Core.csproj", "{E8748351-F295-4ECF-A7F1-CFDF36AFCEA4}"
EndProject
Project("{FAE04EC0-301F-11D3-BF4B-00C04F79EFBC}") = "SendMail.Playground", "SendMail.Playground\SendMail.Playground.csproj", "{30516252-764A-47DC-90EB-C6A8B033C96B}"
EndProject
Global
	GlobalSection(SolutionConfigurationPlatforms) = preSolution
		Debug|Any CPU = Debug|Any CPU
		Release|Any CPU = Release|Any CPU
	EndGlobalSection
	GlobalSection(ProjectConfigurationPlatforms) = postSolution
		{7D64E24E-28EE-4CF5-BDA8-2061245F708F}.Debug|Any CPU.ActiveCfg = Debug|Any CPU
		{7D64E24E-28EE-4CF5-BDA8-2061245F708F}.Debug|Any CPU.Build.0 = Debug|Any CPU
		{7D64E24E-28EE-4CF5-BDA8-2061245F708F}.Release|Any CPU.ActiveCfg = Release|Any CPU
		{7D64E24E-28EE-4CF5-BDA8-2061245F708F}.Release|Any CPU.Build.0 = Release|Any CPU
		{E8748351-F295-4ECF-A7F1-CFDF36AFCEA4}.Debug|Any CPU.ActiveCfg = Debug|Any CPU
		{E8748351-F295-4ECF-A7F1-CFDF36AFCEA4}.Debug|Any CPU.Build.0 = Debug|Any CPU
		{E8748351-F295-4ECF-A7F1-CFDF36AFCEA4}.Release|Any CPU.ActiveCfg = Release|Any CPU
		{E8748351-F295-4ECF-A7F1-CFDF36AFCEA4}.Release|Any CPU.Build.0 = Release|Any CPU
		{30516252-764A-47DC-90EB-C6A8B033C96B}.Debug|Any CPU.ActiveCfg = Debug|Any CPU
		{30516252-764A-47DC-90EB-C6A8B033C96B}.Debug|Any CPU.Build.0 = Debug|Any CPU
		{30516252-764A-47DC-90EB-C6A8B033C96B}.Release|Any CPU.ActiveCfg = Release|Any CPU
		{30516252-764A-47DC-90EB-C6A8B033C96B}.Release|Any CPU.Build.0 = Release|Any CPU
	EndGlobalSection
	GlobalSection(SolutionProperties) = preSolution
		HideSolutionNode = FALSE
	EndGlobalSection
EndGlobal
